
Microsoft Visual Studio Solution File, Format Version 12.00
# Visual Studio Version 17
VisualStudioVersion = 17.3.32519.111
MinimumVisualStudioVersion = 10.0.40219.1
Project("{FAE04EC0-301F-11D3-BF4B-00C04F79EFBC}") = "wasmNet5", "wasmNet5.csproj", "{58073F52-B1C3-417A-9108-8B5D3185DF05}"
EndProject
Global
	GlobalSection(SolutionConfigurationPlatforms) = preSolution
		Debug|Any CPU = Debug|Any CPU
		Release|Any CPU = Release|Any CPU
	EndGlobalSection
	GlobalSection(ProjectConfigurationPlatforms) = postSolution
		{58073F52-B1C3-417A-9108-8B5D3185DF05}.Debug|Any CPU.ActiveCfg = Debug|Any CPU
		{58073F52-B1C3-417A-9108-8B5D3185DF05}.Debug|Any CPU.Build.0 = Debug|Any CPU
		{58073F52-B1C3-417A-9108-8B5D3185DF05}.Release|Any CPU.ActiveCfg = Release|Any CPU
		{58073F52-B1C3-417A-9108-8B5D3185DF05}.Release|Any CPU.Build.0 = Release|Any CPU
	EndGlobalSection
	GlobalSection(SolutionProperties) = preSolution
		HideSolutionNode = FALSE
	EndGlobalSection
	GlobalSection(ExtensibilityGlobals) = postSolution
		SolutionGuid = {50B36124-2CD3-4E5F-A31A-8779EE65D84A}
	EndGlobalSection
EndGlobal
